
Microsoft Visual Studio Solution File, Format Version 12.00
# Visual Studio Version 17
VisualStudioVersion = 17.14.36119.2 d17.14
MinimumVisualStudioVersion = 10.0.40219.1
Project("{54A90642-561A-4BB1-A94E-469ADEE60C69}") = "wiiubannerandiconeditor.client", "wiiubannerandiconeditor.client\wiiubannerandiconeditor.client.esproj", "{9116264E-B232-00BB-1EA1-C0FA5F46B1E2}"
EndProject
Project("{FAE04EC0-301F-11D3-BF4B-00C04F79EFBC}") = "WiiUBannerAndIconEditor.Server", "WiiUBannerAndIconEditor.Server\WiiUBannerAndIconEditor.Server.csproj", "{983561FC-5DB9-4254-B381-ED563DC9F3B7}"
EndProject
Global
	GlobalSection(SolutionConfigurationPlatforms) = preSolution
		Debug|Any CPU = Debug|Any CPU
		Release|Any CPU = Release|Any CPU
	EndGlobalSection
	GlobalSection(ProjectConfigurationPlatforms) = postSolution
		{9116264E-B232-00BB-1EA1-C0FA5F46B1E2}.Debug|Any CPU.ActiveCfg = Debug|Any CPU
		{9116264E-B232-00BB-1EA1-C0FA5F46B1E2}.Debug|Any CPU.Build.0 = Debug|Any CPU
		{9116264E-B232-00BB-1EA1-C0FA5F46B1E2}.Debug|Any CPU.Deploy.0 = Debug|Any CPU
		{9116264E-B232-00BB-1EA1-C0FA5F46B1E2}.Release|Any CPU.ActiveCfg = Release|Any CPU
		{9116264E-B232-00BB-1EA1-C0FA5F46B1E2}.Release|Any CPU.Build.0 = Release|Any CPU
		{9116264E-B232-00BB-1EA1-C0FA5F46B1E2}.Release|Any CPU.Deploy.0 = Release|Any CPU
		{983561FC-5DB9-4254-B381-ED563DC9F3B7}.Debug|Any CPU.ActiveCfg = Debug|Any CPU
		{983561FC-5DB9-4254-B381-ED563DC9F3B7}.Debug|Any CPU.Build.0 = Debug|Any CPU
		{983561FC-5DB9-4254-B381-ED563DC9F3B7}.Release|Any CPU.ActiveCfg = Release|Any CPU
		{983561FC-5DB9-4254-B381-ED563DC9F3B7}.Release|Any CPU.Build.0 = Release|Any CPU
	EndGlobalSection
	GlobalSection(SolutionProperties) = preSolution
		HideSolutionNode = FALSE
	EndGlobalSection
	GlobalSection(ExtensibilityGlobals) = postSolution
		SolutionGuid = {4519D2DF-0B91-4C27-BF79-9CA7D179CC65}
	EndGlobalSection
EndGlobal
